{
  "name": "fpyajs-testlib",
  "version": "1.0.0",
  "lockfileVersion": 3,
  "requires": true,
  "packages": {
    "": {
      "name": "fpyajs-testlib",
      "version": "1.0.0",
      "license": "ISC",
      "dependencies": {
        "@bas27/testlib": "^1.0.0"
      }
    },
    "node_modules/@bas27/testlib": {
      "version": "1.0.0",
      "resolved": "https://npm.pkg.github.com/download/@bas27/testlib/1.0.0/26095bc0752f50e69398b561c4532a8f4933ae3f",
      "integrity": "sha512-1KkRQDJHmn1WRI9+ajo0t5iaI06sVkMDHs2MQySE74WhCqmg78Jfu6QhB1CexeK3r6utP8hxrkcQBIClWqkTJg==",
      "license": "ISC"
    }
  }
}
