{
  "name": "fpyajs-testlib",
  "version": "1.0.0",
  "lockfileVersion": 3,
  "requires": true,
  "packages": {
    "": {
      "name": "fpyajs-testlib",
      "version": "1.0.0",
      "license": "ISC",
      "dependencies": {
        "@bas27/fpyajs-publiclib": "^1.0.1"
      }
    },
    "node_modules/@bas27/fpyajs-publiclib": {
      "version": "1.0.1",
      "resolved": "https://npm.pkg.github.com/download/@bas27/fpyajs-publiclib/1.0.1/4611642548d304cec1f68305389ea5e716ade994",
      "integrity": "sha512-aE14pZdGDRiZvL+8URXAIn0PySTfZcHdtGM0m/Ep/HUPIt4N+b/Xtqo2MTaWcrtVqD7S8fbUy1vHMt9lzlxCiQ==",
      "license": "ISC"
    }
  }
}
